
Microsoft Visual Studio Solution File, Format Version 12.00
# Visual Studio Version 17
VisualStudioVersion = 17.14.36429.23 d17.14
MinimumVisualStudioVersion = 10.0.40219.1
Project("{FAE04EC0-301F-11D3-BF4B-00C04F79EFBC}") = "ProyectoIntermodular", "ProyectoIntermodular\ProyectoIntermodular.csproj", "{E389F3AE-9BD0-41C8-937D-F65A8D9F7C31}"
EndProject
Global
	GlobalSection(SolutionConfigurationPlatforms) = preSolution
		Debug|Any CPU = Debug|Any CPU
		Release|Any CPU = Release|Any CPU
	EndGlobalSection
	GlobalSection(ProjectConfigurationPlatforms) = postSolution
		{E389F3AE-9BD0-41C8-937D-F65A8D9F7C31}.Debug|Any CPU.ActiveCfg = Debug|Any CPU
		{E389F3AE-9BD0-41C8-937D-F65A8D9F7C31}.Debug|Any CPU.Build.0 = Debug|Any CPU
		{E389F3AE-9BD0-41C8-937D-F65A8D9F7C31}.Release|Any CPU.ActiveCfg = Release|Any CPU
		{E389F3AE-9BD0-41C8-937D-F65A8D9F7C31}.Release|Any CPU.Build.0 = Release|Any CPU
	EndGlobalSection
	GlobalSection(SolutionProperties) = preSolution
		HideSolutionNode = FALSE
	EndGlobalSection
	GlobalSection(ExtensibilityGlobals) = postSolution
		SolutionGuid = {405D2D02-9347-4587-AFCA-BEEEB819EE02}
	EndGlobalSection
EndGlobal
